# THIS IS AN AUTOGENERATED FILE. DO NOT EDIT THIS FILE DIRECTLY.
# yarn lockfile v1


"@types/google-apps-script@^1.0.28":
  version "1.0.28"
  resolved "https://registry.yarnpkg.com/@types/google-apps-script/-/google-apps-script-1.0.28.tgz#fedd3d5595fea9b02d434d9bc9fe88c8cbf33c78"
  integrity sha512-73LTqbBdyNSrx//Ejtk1nEKXSMhAtdCmuUzAXv1PoAQr03dHpdaQhwT+YHbZrTzFiUXNJpC37ZWE24mGmSjPGQ==

typescript@^4.2.3:
  version "4.2.3"
  resolved "https://registry.yarnpkg.com/typescript/-/typescript-4.2.3.tgz#39062d8019912d43726298f09493d598048c1ce3"
  integrity sha512-qOcYwxaByStAWrBf4x0fibwZvMRG+r4cQoTjbPtUlrWjBHbmCAww1i448U0GJ+3cNNEtebDteo/cHOR3xJ4wEw==
